
Microsoft Visual Studio Solution File, Format Version 12.00
# Visual Studio Version 17
VisualStudioVersion = 17.13.35931.197 d17.13
MinimumVisualStudioVersion = 10.0.40219.1
Project("{FAE04EC0-301F-11D3-BF4B-00C04F79EFBC}") = "jogo", "jogo\jogo.csproj", "{35B05081-75A2-42B9-884B-4011D2845E5C}"
EndProject
Global
	GlobalSection(SolutionConfigurationPlatforms) = preSolution
		Debug|Any CPU = Debug|Any CPU
		Release|Any CPU = Release|Any CPU
	EndGlobalSection
	GlobalSection(ProjectConfigurationPlatforms) = postSolution
		{35B05081-75A2-42B9-884B-4011D2845E5C}.Debug|Any CPU.ActiveCfg = Debug|Any CPU
		{35B05081-75A2-42B9-884B-4011D2845E5C}.Debug|Any CPU.Build.0 = Debug|Any CPU
		{35B05081-75A2-42B9-884B-4011D2845E5C}.Release|Any CPU.ActiveCfg = Release|Any CPU
		{35B05081-75A2-42B9-884B-4011D2845E5C}.Release|Any CPU.Build.0 = Release|Any CPU
	EndGlobalSection
	GlobalSection(SolutionProperties) = preSolution
		HideSolutionNode = FALSE
	EndGlobalSection
	GlobalSection(ExtensibilityGlobals) = postSolution
		SolutionGuid = {6186E8F8-A421-4639-80B5-370AFD5C0F93}
	EndGlobalSection
EndGlobal
